
Microsoft Visual Studio Solution File, Format Version 12.00
# Visual Studio Version 17
VisualStudioVersion = 17.11.35312.102
MinimumVisualStudioVersion = 10.0.40219.1
Project("{9A19103F-16F7-4668-BE54-9A1E7A4F7556}") = "UniversityFront", "UniversityFront.csproj", "{F52598E5-224E-489A-85A1-97378FDEDE7D}"
EndProject
Project("{FAE04EC0-301F-11D3-BF4B-00C04F79EFBC}") = "Models", "..\Models\Models.csproj", "{09CAD57D-55FE-42D6-883C-C8FD25A5AB22}"
EndProject
Project("{FAE04EC0-301F-11D3-BF4B-00C04F79EFBC}") = "DAOControllers", "..\DAOControllers\DAOControllers.csproj", "{47CACBA2-55F0-48D0-A597-6A6231EAB7F5}"
EndProject
Global
	GlobalSection(SolutionConfigurationPlatforms) = preSolution
		Debug|Any CPU = Debug|Any CPU
		Release|Any CPU = Release|Any CPU
	EndGlobalSection
	GlobalSection(ProjectConfigurationPlatforms) = postSolution
		{F52598E5-224E-489A-85A1-97378FDEDE7D}.Debug|Any CPU.ActiveCfg = Debug|Any CPU
		{F52598E5-224E-489A-85A1-97378FDEDE7D}.Debug|Any CPU.Build.0 = Debug|Any CPU
		{F52598E5-224E-489A-85A1-97378FDEDE7D}.Release|Any CPU.ActiveCfg = Release|Any CPU
		{F52598E5-224E-489A-85A1-97378FDEDE7D}.Release|Any CPU.Build.0 = Release|Any CPU
		{09CAD57D-55FE-42D6-883C-C8FD25A5AB22}.Debug|Any CPU.ActiveCfg = Debug|Any CPU
		{09CAD57D-55FE-42D6-883C-C8FD25A5AB22}.Debug|Any CPU.Build.0 = Debug|Any CPU
		{09CAD57D-55FE-42D6-883C-C8FD25A5AB22}.Release|Any CPU.ActiveCfg = Release|Any CPU
		{09CAD57D-55FE-42D6-883C-C8FD25A5AB22}.Release|Any CPU.Build.0 = Release|Any CPU
		{47CACBA2-55F0-48D0-A597-6A6231EAB7F5}.Debug|Any CPU.ActiveCfg = Debug|Any CPU
		{47CACBA2-55F0-48D0-A597-6A6231EAB7F5}.Debug|Any CPU.Build.0 = Debug|Any CPU
		{47CACBA2-55F0-48D0-A597-6A6231EAB7F5}.Release|Any CPU.ActiveCfg = Release|Any CPU
		{47CACBA2-55F0-48D0-A597-6A6231EAB7F5}.Release|Any CPU.Build.0 = Release|Any CPU
	EndGlobalSection
	GlobalSection(SolutionProperties) = preSolution
		HideSolutionNode = FALSE
	EndGlobalSection
	GlobalSection(ExtensibilityGlobals) = postSolution
		SolutionGuid = {D59AC070-4C37-4B1D-A2A6-F9D90134B2DD}
	EndGlobalSection
EndGlobal
